// !$*UTF8*$!
{
	archiveVersion = 1;
	classes = {
	};
	objectVersion = 46;
	objects = {

/* Begin PBXBuildFile section */
		4206AD211DA778B700562C14 /* main.m in Sources */ = {isa = PBXBuildFile; fileRef = 4206AD201DA778B700562C14 /* main.m */; };
		4206AD241DA778B700562C14 /* AppDelegate.m in Sources */ = {isa = PBXBuildFile; fileRef = 4206AD231DA778B700562C14 /* AppDelegate.m */; };
		4206AD271DA778B700562C14 /* ViewController.m in Sources */ = {isa = PBXBuildFile; fileRef = 4206AD261DA778B700562C14 /* ViewController.m */; };
		4206AD2A1DA778B700562C14 /* Main.storyboard in Resources */ = {isa = PBXBuildFile; fileRef = 4206AD281DA778B700562C14 /* Main.storyboard */; };
		4206AD2C1DA778B700562C14 /* Assets.xcassets in Resources */ = {isa = PBXBuildFile; fileRef = 4206AD2B1DA778B700562C14 /* Assets.xcassets */; };
		4206AD2F1DA778B700562C14 /* LaunchScreen.storyboard in Resources */ = {isa = PBXBuildFile; fileRef = 4206AD2D1DA778B700562C14 /* LaunchScreen.storyboard */; };
		4206AD3A1DA778B700562C14 /* SoapHelperTests.m in Sources */ = {isa = PBXBuildFile; fileRef = 4206AD391DA778B700562C14 /* SoapHelperTests.m */; };
		4206AD451DA778B700562C14 /* SoapHelperUITests.m in Sources */ = {isa = PBXBuildFile; fileRef = 4206AD441DA778B700562C14 /* SoapHelperUITests.m */; };
		4206AD561DA7798700562C14 /* SoapHelper.m in Sources */ = {isa = PBXBuildFile; fileRef = 4206AD551DA7798700562C14 /* SoapHelper.m */; };
/* End PBXBuildFile section */

/* Begin PBXContainerItemProxy section */
		4206AD361DA778B700562C14 /* PBXContainerItemProxy */ = {
			isa = PBXContainerItemProxy;
			containerPortal = 4206AD141DA778B700562C14 /* Project object */;
			proxyType = 1;
			remoteGlobalIDString = 4206AD1B1DA778B700562C14;
			remoteInfo = SoapHelper;
		};
		4206AD411DA778B700562C14 /* PBXContainerItemProxy */ = {
			isa = PBXContainerItemProxy;
			containerPortal = 4206AD141DA778B700562C14 /* Project object */;
			proxyType = 1;
			remoteGlobalIDString = 4206AD1B1DA778B700562C14;
			remoteInfo = SoapHelper;
		};
/* End PBXContainerItemProxy section */

/* Begin PBXFileReference section */
		4206AD1C1DA778B700562C14 /* SoapHelper.app */ = {isa = PBXFileReference; explicitFileType = wrapper.application; includeInIndex = 0; path = SoapHelper.app; sourceTree = BUILT_PRODUCTS_DIR; };
		4206AD201DA778B700562C14 /* main.m */ = {isa = PBXFileReference; lastKnownFileType = sourcecode.c.objc; path = main.m; sourceTree = "<group>"; };
		4206AD221DA778B700562C14 /* AppDelegate.h */ = {isa = PBXFileReference; lastKnownFileType = sourcecode.c.h; path = AppDelegate.h; sourceTree = "<group>"; };
		4206AD231DA778B700562C14 /* AppDelegate.m */ = {isa = PBXFileReference; lastKnownFileType = sourcecode.c.objc; path = AppDelegate.m; sourceTree = "<group>"; };
		4206AD251DA778B700562C14 /* ViewController.h */ = {isa = PBXFileReference; lastKnownFileType = sourcecode.c.h; path = ViewController.h; sourceTree = "<group>"; };
		4206AD261DA778B700562C14 /* ViewController.m */ = {isa = PBXFileReference; lastKnownFileType = sourcecode.c.objc; path = ViewController.m; sourceTree = "<group>"; };
		4206AD291DA778B700562C14 /* Base */ = {isa = PBXFileReference; lastKnownFileType = file.storyboard; name = Base; path = Base.lproj/Main.storyboard; sourceTree = "<group>"; };
		4206AD2B1DA778B700562C14 /* Assets.xcassets */ = {isa = PBXFileReference; lastKnownFileType = folder.assetcatalog; path = Assets.xcassets; sourceTree = "<group>"; };
		4206AD2E1DA778B700562C14 /* Base */ = {isa = PBXFileReference; lastKnownFileType = file.storyboard; name = Base; path = Base.lproj/LaunchScreen.storyboard; sourceTree = "<group>"; };
		4206AD301DA778B700562C14 /* Info.plist */ = {isa = PBXFileReference; lastKnownFileType = text.plist.xml; path = Info.plist; sourceTree = "<group>"; };
		4206AD351DA778B700562C14 /* SoapHelperTests.xctest */ = {isa = PBXFileReference; explicitFileType = wrapper.cfbundle; includeInIndex = 0; path = SoapHelperTests.xctest; sourceTree = BUILT_PRODUCTS_DIR; };
		4206AD391DA778B700562C14 /* SoapHelperTests.m */ = {isa = PBXFileReference; lastKnownFileType = sourcecode.c.objc; path = SoapHelperTests.m; sourceTree = "<group>"; };
		4206AD3B1DA778B700562C14 /* Info.plist */ = {isa = PBXFileReference; lastKnownFileType = text.plist.xml; path = Info.plist; sourceTree = "<group>"; };
		4206AD401DA778B700562C14 /* SoapHelperUITests.xctest */ = {isa = PBXFileReference; explicitFileType = wrapper.cfbundle; includeInIndex = 0; path = SoapHelperUITests.xctest; sourceTree = BUILT_PRODUCTS_DIR; };
		4206AD441DA778B700562C14 /* SoapHelperUITests.m */ = {isa = PBXFileReference; lastKnownFileType = sourcecode.c.objc; path = SoapHelperUITests.m; sourceTree = "<group>"; };
		4206AD461DA778B700562C14 /* Info.plist */ = {isa = PBXFileReference; lastKnownFileType = text.plist.xml; path = Info.plist; sourceTree = "<group>"; };
		4206AD541DA7798700562C14 /* SoapHelper.h */ = {isa = PBXFileReference; fileEncoding = 4; lastKnownFileType = sourcecode.c.h; path = SoapHelper.h; sourceTree = "<group>"; };
		4206AD551DA7798700562C14 /* SoapHelper.m */ = {isa = PBXFileReference; fileEncoding = 4; lastKnownFileType = sourcecode.c.objc; path = SoapHelper.m; sourceTree = "<group>"; };
/* End PBXFileReference section */

/* Begin PBXFrameworksBuildPhase section */
		4206AD191DA778B700562C14 /* Frameworks */ = {
			isa = PBXFrameworksBuildPhase;
			buildActionMask = 2147483647;
			files = (
			);
			runOnlyForDeploymentPostprocessing = 0;
		};
		4206AD321DA778B700562C14 /* Frameworks */ = {
			isa = PBXFrameworksBuildPhase;
			buildActionMask = 2147483647;
			files = (
			);
			runOnlyForDeploymentPostprocessing = 0;
		};
		4206AD3D1DA778B700562C14 /* Frameworks */ = {
			isa = PBXFrameworksBuildPhase;
			buildActionMask = 2147483647;
			files = (
			);
			runOnlyForDeploymentPostprocessing = 0;
		};
/* End PBXFrameworksBuildPhase section */

/* Begin PBXGroup section */
		4206AD131DA778B700562C14 = {
			isa = PBXGroup;
			children = (
				4206AD1E1DA778B700562C14 /* SoapHelper */,
				4206AD381DA778B700562C14 /* SoapHelperTests */,
				4206AD431DA778B700562C14 /* SoapHelperUITests */,
				4206AD1D1DA778B700562C14 /* Products */,
			);
			sourceTree = "<group>";
		};
		4206AD1D1DA778B700562C14 /* Products */ = {
			isa = PBXGroup;
			children = (
				4206AD1C1DA778B700562C14 /* SoapHelper.app */,
				4206AD351DA778B700562C14 /* SoapHelperTests.xctest */,
				4206AD401DA778B700562C14 /* SoapHelperUITests.xctest */,
			);
			name = Products;
			sourceTree = "<group>";
		};
		4206AD1E1DA778B700562C14 /* SoapHelper */ = {
			isa = PBXGroup;
			children = (
				4206AD521DA7791900562C14 /* Tools */,
				4206AD221DA778B700562C14 /* AppDelegate.h */,
				4206AD231DA778B700562C14 /* AppDelegate.m */,
				4206AD251DA778B700562C14 /* ViewController.h */,
				4206AD261DA778B700562C14 /* ViewController.m */,
				4206AD281DA778B700562C14 /* Main.storyboard */,
				4206AD2B1DA778B700562C14 /* Assets.xcassets */,
				4206AD2D1DA778B700562C14 /* LaunchScreen.storyboard */,
				4206AD301DA778B700562C14 /* Info.plist */,
				4206AD1F1DA778B700562C14 /* Supporting Files */,
			);
			path = SoapHelper;
			sourceTree = "<group>";
		};
		4206AD1F1DA778B700562C14 /* Supporting Files */ = {
			isa = PBXGroup;
			children = (
				4206AD201DA778B700562C14 /* main.m */,
			);
			name = "Supporting Files";
			sourceTree = "<group>";
		};
		4206AD381DA778B700562C14 /* SoapHelperTests */ = {
			isa = PBXGroup;
			children = (
				4206AD391DA778B700562C14 /* SoapHelperTests.m */,
				4206AD3B1DA778B700562C14 /* Info.plist */,
			);
			path = SoapHelperTests;
			sourceTree = "<group>";
		};
		4206AD431DA778B700562C14 /* SoapHelperUITests */ = {
			isa = PBXGroup;
			children = (
				4206AD441DA778B700562C14 /* SoapHelperUITests.m */,
				4206AD461DA778B700562C14 /* Info.plist */,
			);
			path = SoapHelperUITests;
			sourceTree = "<group>";
		};
		4206AD521DA7791900562C14 /* Tools */ = {
			isa = PBXGroup;
			children = (
				4206AD531DA7797C00562C14 /* SoapHelper */,
			);
			path = Tools;
			sourceTree = "<group>";
		};
		4206AD531DA7797C00562C14 /* SoapHelper */ = {
			isa = PBXGroup;
			children = (
				4206AD541DA7798700562C14 /* SoapHelper.h */,
				4206AD551DA7798700562C14 /* SoapHelper.m */,
			);
			path = SoapHelper;
			sourceTree = "<group>";
		};
/* End PBXGroup section */

/* Begin PBXNativeTarget section */
		4206AD1B1DA778B700562C14 /* SoapHelper */ = {
			isa = PBXNativeTarget;
			buildConfigurationList = 4206AD491DA778B700562C14 /* Build configuration list for PBXNativeTarget "SoapHelper" */;
			buildPhases = (
				4206AD181DA778B700562C14 /* Sources */,
				4206AD191DA778B700562C14 /* Frameworks */,
				4206AD1A1DA778B700562C14 /* Resources */,
			);
			buildRules = (
			);
			dependencies = (
			);
			name = SoapHelper;
			productName = SoapHelper;
			productReference = 4206AD1C1DA778B700562C14 /* SoapHelper.app */;
			productType = "com.apple.product-type.application";
		};
		4206AD341DA778B700562C14 /* SoapHelperTests */ = {
			isa = PBXNativeTarget;
			buildConfigurationList = 4206AD4C1DA778B700562C14 /* Build configuration list for PBXNativeTarget "SoapHelperTests" */;
			buildPhases = (
				4206AD311DA778B700562C14 /* Sources */,
				4206AD321DA778B700562C14 /* Frameworks */,
				4206AD331DA778B700562C14 /* Resources */,
			);
			buildRules = (
			);
			dependencies = (
				4206AD371DA778B700562C14 /* PBXTargetDependency */,
			);
			name = SoapHelperTests;
			productName = SoapHelperTests;
			productReference = 4206AD351DA778B700562C14 /* SoapHelperTests.xctest */;
			productType = "com.apple.product-type.bundle.unit-test";
		};
		4206AD3F1DA778B700562C14 /* SoapHelperUITests */ = {
			isa = PBXNativeTarget;
			buildConfigurationList = 4206AD4F1DA778B700562C14 /* Build configuration list for PBXNativeTarget "SoapHelperUITests" */;
			buildPhases = (
				4206AD3C1DA778B700562C14 /* Sources */,
				4206AD3D1DA778B700562C14 /* Frameworks */,
				4206AD3E1DA778B700562C14 /* Resources */,
			);
			buildRules = (
			);
			dependencies = (
				4206AD421DA778B700562C14 /* PBXTargetDependency */,
			);
			name = SoapHelperUITests;
			productName = SoapHelperUITests;
			productReference = 4206AD401DA778B700562C14 /* SoapHelperUITests.xctest */;
			productType = "com.apple.product-type.bundle.ui-testing";
		};
/* End PBXNativeTarget section */

/* Begin PBXProject section */
		4206AD141DA778B700562C14 /* Project object */ = {
			isa = PBXProject;
			attributes = {
				LastUpgradeCheck = 0800;
				ORGANIZATIONNAME = VCompany;
				TargetAttributes = {
					4206AD1B1DA778B700562C14 = {
						CreatedOnToolsVersion = 8.0;
						ProvisioningStyle = Automatic;
					};
					4206AD341DA778B700562C14 = {
						CreatedOnToolsVersion = 8.0;
						ProvisioningStyle = Automatic;
						TestTargetID = 4206AD1B1DA778B700562C14;
					};
					4206AD3F1DA778B700562C14 = {
						CreatedOnToolsVersion = 8.0;
						ProvisioningStyle = Automatic;
						TestTargetID = 4206AD1B1DA778B700562C14;
					};
				};
			};
			buildConfigurationList = 4206AD171DA778B700562C14 /* Build configuration list for PBXProject "SoapHelper" */;
			compatibilityVersion = "Xcode 3.2";
			developmentRegion = English;
			hasScannedForEncodings = 0;
			knownRegions = (
				en,
				Base,
			);
			mainGroup = 4206AD131DA778B700562C14;
			productRefGroup = 4206AD1D1DA778B700562C14 /* Products */;
			projectDirPath = "";
			projectRoot = "";
			targets = (
				4206AD1B1DA778B700562C14 /* SoapHelper */,
				4206AD341DA778B700562C14 /* SoapHelperTests */,
				4206AD3F1DA778B700562C14 /* SoapHelperUITests */,
			);
		};
/* End PBXProject section */

/* Begin PBXResourcesBuildPhase section */
		4206AD1A1DA778B700562C14 /* Resources */ = {
			isa = PBXResourcesBuildPhase;
			buildActionMask = 2147483647;
			files = (
				4206AD2F1DA778B700562C14 /* LaunchScreen.storyboard in Resources */,
				4206AD2C1DA778B700562C14 /* Assets.xcassets in Resources */,
				4206AD2A1DA778B700562C14 /* Main.storyboard in Resources */,
			);
			runOnlyForDeploymentPostprocessing = 0;
		};
		4206AD331DA778B700562C14 /* Resources */ = {
			isa = PBXResourcesBuildPhase;
			buildActionMask = 2147483647;
			files = (
			);
			runOnlyForDeploymentPostprocessing = 0;
		};
		4206AD3E1DA778B700562C14 /* Resources */ = {
			isa = PBXResourcesBuildPhase;
			buildActionMask = 2147483647;
			files = (
			);
			runOnlyForDeploymentPostprocessing = 0;
		};
/* End PBXResourcesBuildPhase section */

/* Begin PBXSourcesBuildPhase section */
		4206AD181DA778B700562C14 /* Sources */ = {
			isa = PBXSourcesBuildPhase;
			buildActionMask = 2147483647;
			files = (
				4206AD271DA778B700562C14 /* ViewController.m in Sources */,
				4206AD241DA778B700562C14 /* AppDelegate.m in Sources */,
				4206AD561DA7798700562C14 /* SoapHelper.m in Sources */,
				4206AD211DA778B700562C14 /* main.m in Sources */,
			);
			runOnlyForDeploymentPostprocessing = 0;
		};
		4206AD311DA778B700562C14 /* Sources */ = {
			isa = PBXSourcesBuildPhase;
			buildActionMask = 2147483647;
			files = (
				4206AD3A1DA778B700562C14 /* SoapHelperTests.m in Sources */,
			);
			runOnlyForDeploymentPostprocessing = 0;
		};
		4206AD3C1DA778B700562C14 /* Sources */ = {
			isa = PBXSourcesBuildPhase;
			buildActionMask = 2147483647;
			files = (
				4206AD451DA778B700562C14 /* SoapHelperUITests.m in Sources */,
			);
			runOnlyForDeploymentPostprocessing = 0;
		};
/* End PBXSourcesBuildPhase section */

/* Begin PBXTargetDependency section */
		4206AD371DA778B700562C14 /* PBXTargetDependency */ = {
			isa = PBXTargetDependency;
			target = 4206AD1B1DA778B700562C14 /* SoapHelper */;
			targetProxy = 4206AD361DA778B700562C14 /* PBXContainerItemProxy */;
		};
		4206AD421DA778B700562C14 /* PBXTargetDependency */ = {
			isa = PBXTargetDependency;
			target = 4206AD1B1DA778B700562C14 /* SoapHelper */;
			targetProxy = 4206AD411DA778B700562C14 /* PBXContainerItemProxy */;
		};
/* End PBXTargetDependency section */

/* Begin PBXVariantGroup section */
		4206AD281DA778B700562C14 /* Main.storyboard */ = {
			isa = PBXVariantGroup;
			children = (
				4206AD291DA778B700562C14 /* Base */,
			);
			name = Main.storyboard;
			sourceTree = "<group>";
		};
		4206AD2D1DA778B700562C14 /* LaunchScreen.storyboard */ = {
			isa = PBXVariantGroup;
			children = (
				4206AD2E1DA778B700562C14 /* Base */,
			);
			name = LaunchScreen.storyboard;
			sourceTree = "<group>";
		};
/* End PBXVariantGroup section */

/* Begin XCBuildConfiguration section */
		4206AD471DA778B700562C14 /* Debug */ = {
			isa = XCBuildConfiguration;
			buildSettings = {
				ALWAYS_SEARCH_USER_PATHS = NO;
				CLANG_ANALYZER_NONNULL = YES;
				CLANG_CXX_LANGUAGE_STANDARD = "gnu++0x";
				CLANG_CXX_LIBRARY = "libc++";
				CLANG_ENABLE_MODULES = YES;
				CLANG_ENABLE_OBJC_ARC = YES;
				CLANG_WARN_BOOL_CONVERSION = YES;
				CLANG_WARN_CONSTANT_CONVERSION = YES;
				CLANG_WARN_DIRECT_OBJC_ISA_USAGE = YES_ERROR;
				CLANG_WARN_DOCUMENTATION_COMMENTS = YES;
				CLANG_WARN_EMPTY_BODY = YES;
				CLANG_WARN_ENUM_CONVERSION = YES;
				CLANG_WARN_INFINITE_RECURSION = YES;
				CLANG_WARN_INT_CONVERSION = YES;
				CLANG_WARN_OBJC_ROOT_CLASS = YES_ERROR;
				CLANG_WARN_SUSPICIOUS_MOVES = YES;
				CLANG_WARN_UNREACHABLE_CODE = YES;
				CLANG_WARN__DUPLICATE_METHOD_MATCH = YES;
				"CODE_SIGN_IDENTITY[sdk=iphoneos*]" = "iPhone Developer";
				COPY_PHASE_STRIP = NO;
				DEBUG_INFORMATION_FORMAT = dwarf;
				ENABLE_STRICT_OBJC_MSGSEND = YES;
				ENABLE_TESTABILITY = YES;
				GCC_C_LANGUAGE_STANDARD = gnu99;
				GCC_DYNAMIC_NO_PIC = NO;
				GCC_NO_COMMON_BLOCKS = YES;
				GCC_OPTIMIZATION_LEVEL = 0;
				GCC_PREPROCESSOR_DEFINITIONS = (
					"DEBUG=1",
					"$(inherited)",
				);
				GCC_WARN_64_TO_32_BIT_CONVERSION = YES;
				GCC_WARN_ABOUT_RETURN_TYPE = YES_ERROR;
				GCC_WARN_UNDECLARED_SELECTOR = YES;
				GCC_WARN_UNINITIALIZED_AUTOS = YES_AGGRESSIVE;
				GCC_WARN_UNUSED_FUNCTION = YES;
				GCC_WARN_UNUSED_VARIABLE = YES;
				IPHONEOS_DEPLOYMENT_TARGET = 10.0;
				MTL_ENABLE_DEBUG_INFO = YES;
				ONLY_ACTIVE_ARCH = YES;
				SDKROOT = iphoneos;
			};
			name = Debug;
		};
		4206AD481DA778B700562C14 /* Release */ = {
			isa = XCBuildConfiguration;
			buildSettings = {
				ALWAYS_SEARCH_USER_PATHS = NO;
				CLANG_ANALYZER_NONNULL = YES;
				CLANG_CXX_LANGUAGE_STANDARD = "gnu++0x";
				CLANG_CXX_LIBRARY = "libc++";
				CLANG_ENABLE_MODULES = YES;
				CLANG_ENABLE_OBJC_ARC = YES;
				CLANG_WARN_BOOL_CONVERSION = YES;
				CLANG_WARN_CONSTANT_CONVERSION = YES;
				CLANG_WARN_DIRECT_OBJC_ISA_USAGE = YES_ERROR;
				CLANG_WARN_DOCUMENTATION_COMMENTS = YES;
				CLANG_WARN_EMPTY_BODY = YES;
				CLANG_WARN_ENUM_CONVERSION = YES;
				CLANG_WARN_INFINITE_RECURSION = YES;
				CLANG_WARN_INT_CONVERSION = YES;
				CLANG_WARN_OBJC_ROOT_CLASS = YES_ERROR;
				CLANG_WARN_SUSPICIOUS_MOVES = YES;
				CLANG_WARN_UNREACHABLE_CODE = YES;
				CLANG_WARN__DUPLICATE_METHOD_MATCH = YES;
				"CODE_SIGN_IDENTITY[sdk=iphoneos*]" = "iPhone Developer";
				COPY_PHASE_STRIP = NO;
				DEBUG_INFORMATION_FORMAT = "dwarf-with-dsym";
				ENABLE_NS_ASSERTIONS = NO;
				ENABLE_STRICT_OBJC_MSGSEND = YES;
				GCC_C_LANGUAGE_STANDARD = gnu99;
				GCC_NO_COMMON_BLOCKS = YES;
				GCC_WARN_64_TO_32_BIT_CONVERSION = YES;
				GCC_WARN_ABOUT_RETURN_TYPE = YES_ERROR;
				GCC_WARN_UNDECLARED_SELECTOR = YES;
				GCC_WARN_UNINITIALIZED_AUTOS = YES_AGGRESSIVE;
				GCC_WARN_UNUSED_FUNCTION = YES;
				GCC_WARN_UNUSED_VARIABLE = YES;
				IPHONEOS_DEPLOYMENT_TARGET = 10.0;
				MTL_ENABLE_DEBUG_INFO = NO;
				SDKROOT = iphoneos;
				VALIDATE_PRODUCT = YES;
			};
			name = Release;
		};
		4206AD4A1DA778B700562C14 /* Debug */ = {
			isa = XCBuildConfiguration;
			buildSettings = {
				ASSETCATALOG_COMPILER_APPICON_NAME = AppIcon;
				INFOPLIST_FILE = SoapHelper/Info.plist;
				LD_RUNPATH_SEARCH_PATHS = "$(inherited) @executable_path/Frameworks";
				PRODUCT_BUNDLE_IDENTIFIER = com.VCompany.SoapHelper;
				PRODUCT_NAME = "$(TARGET_NAME)";
			};
			name = Debug;
		};
		4206AD4B1DA778B700562C14 /* Release */ = {
			isa = XCBuildConfiguration;
			buildSettings = {
				ASSETCATALOG_COMPILER_APPICON_NAME = AppIcon;
				INFOPLIST_FILE = SoapHelper/Info.plist;
				LD_RUNPATH_SEARCH_PATHS = "$(inherited) @executable_path/Frameworks";
				PRODUCT_BUNDLE_IDENTIFIER = com.VCompany.SoapHelper;
				PRODUCT_NAME = "$(TARGET_NAME)";
			};
			name = Release;
		};
		4206AD4D1DA778B700562C14 /* Debug */ = {
			isa = XCBuildConfiguration;
			buildSettings = {
				BUNDLE_LOADER = "$(TEST_HOST)";
				INFOPLIST_FILE = SoapHelperTests/Info.plist;
				LD_RUNPATH_SEARCH_PATHS = "$(inherited) @executable_path/Frameworks @loader_path/Frameworks";
				PRODUCT_BUNDLE_IDENTIFIER = com.VCompany.SoapHelperTests;
				PRODUCT_NAME = "$(TARGET_NAME)";
				TEST_HOST = "$(BUILT_PRODUCTS_DIR)/SoapHelper.app/SoapHelper";
			};
			name = Debug;
		};
		4206AD4E1DA778B700562C14 /* Release */ = {
			isa = XCBuildConfiguration;
			buildSettings = {
				BUNDLE_LOADER = "$(TEST_HOST)";
				INFOPLIST_FILE = SoapHelperTests/Info.plist;
				LD_RUNPATH_SEARCH_PATHS = "$(inherited) @executable_path/Frameworks @loader_path/Frameworks";
				PRODUCT_BUNDLE_IDENTIFIER = com.VCompany.SoapHelperTests;
				PRODUCT_NAME = "$(TARGET_NAME)";
				TEST_HOST = "$(BUILT_PRODUCTS_DIR)/SoapHelper.app/SoapHelper";
			};
			name = Release;
		};
		4206AD501DA778B700562C14 /* Debug */ = {
			isa = XCBuildConfiguration;
			buildSettings = {
				INFOPLIST_FILE = SoapHelperUITests/Info.plist;
				LD_RUNPATH_SEARCH_PATHS = "$(inherited) @executable_path/Frameworks @loader_path/Frameworks";
				PRODUCT_BUNDLE_IDENTIFIER = com.VCompany.SoapHelperUITests;
				PRODUCT_NAME = "$(TARGET_NAME)";
				TEST_TARGET_NAME = SoapHelper;
			};
			name = Debug;
		};
		4206AD511DA778B700562C14 /* Release */ = {
			isa = XCBuildConfiguration;
			buildSettings = {
				INFOPLIST_FILE = SoapHelperUITests/Info.plist;
				LD_RUNPATH_SEARCH_PATHS = "$(inherited) @executable_path/Frameworks @loader_path/Frameworks";
				PRODUCT_BUNDLE_IDENTIFIER = com.VCompany.SoapHelperUITests;
				PRODUCT_NAME = "$(TARGET_NAME)";
				TEST_TARGET_NAME = SoapHelper;
			};
			name = Release;
		};
/* End XCBuildConfiguration section */

/* Begin XCConfigurationList section */
		4206AD171DA778B700562C14 /* Build configuration list for PBXProject "SoapHelper" */ = {
			isa = XCConfigurationList;
			buildConfigurations = (
				4206AD471DA778B700562C14 /* Debug */,
				4206AD481DA778B700562C14 /* Release */,
			);
			defaultConfigurationIsVisible = 0;
			defaultConfigurationName = Release;
		};
		4206AD491DA778B700562C14 /* Build configuration list for PBXNativeTarget "SoapHelper" */ = {
			isa = XCConfigurationList;
			buildConfigurations = (
				4206AD4A1DA778B700562C14 /* Debug */,
				4206AD4B1DA778B700562C14 /* Release */,
			);
			defaultConfigurationIsVisible = 0;
			defaultConfigurationName = Release;
		};
		4206AD4C1DA778B700562C14 /* Build configuration list for PBXNativeTarget "SoapHelperTests" */ = {
			isa = XCConfigurationList;
			buildConfigurations = (
				4206AD4D1DA778B700562C14 /* Debug */,
				4206AD4E1DA778B700562C14 /* Release */,
			);
			defaultConfigurationIsVisible = 0;
			defaultConfigurationName = Release;
		};
		4206AD4F1DA778B700562C14 /* Build configuration list for PBXNativeTarget "SoapHelperUITests" */ = {
			isa = XCConfigurationList;
			buildConfigurations = (
				4206AD501DA778B700562C14 /* Debug */,
				4206AD511DA778B700562C14 /* Release */,
			);
			defaultConfigurationIsVisible = 0;
			defaultConfigurationName = Release;
		};
/* End XCConfigurationList section */
	};
	rootObject = 4206AD141DA778B700562C14 /* Project object */;
}
